
Microsoft Visual Studio Solution File, Format Version 12.00
# Visual Studio Version 16
VisualStudioVersion = 16.0.31112.23
MinimumVisualStudioVersion = 10.0.40219.1
Project("{FAE04EC0-301F-11D3-BF4B-00C04F79EFBC}") = "ProgressBar_01", "ProgressBar_01\ProgressBar_01.csproj", "{77C36019-8D7C-44A1-A0EF-2BDD1FC184D2}"
EndProject
Project("{FAE04EC0-301F-11D3-BF4B-00C04F79EFBC}") = "Slider_02", "Slider_02\Slider_02.csproj", "{EEB54617-EF47-4AC7-BF0D-30134462AD03}"
EndProject
Global
	GlobalSection(SolutionConfigurationPlatforms) = preSolution
		Debug|Any CPU = Debug|Any CPU
		Release|Any CPU = Release|Any CPU
	EndGlobalSection
	GlobalSection(ProjectConfigurationPlatforms) = postSolution
		{77C36019-8D7C-44A1-A0EF-2BDD1FC184D2}.Debug|Any CPU.ActiveCfg = Debug|Any CPU
		{77C36019-8D7C-44A1-A0EF-2BDD1FC184D2}.Debug|Any CPU.Build.0 = Debug|Any CPU
		{77C36019-8D7C-44A1-A0EF-2BDD1FC184D2}.Release|Any CPU.ActiveCfg = Release|Any CPU
		{77C36019-8D7C-44A1-A0EF-2BDD1FC184D2}.Release|Any CPU.Build.0 = Release|Any CPU
		{EEB54617-EF47-4AC7-BF0D-30134462AD03}.Debug|Any CPU.ActiveCfg = Debug|Any CPU
		{EEB54617-EF47-4AC7-BF0D-30134462AD03}.Debug|Any CPU.Build.0 = Debug|Any CPU
		{EEB54617-EF47-4AC7-BF0D-30134462AD03}.Release|Any CPU.ActiveCfg = Release|Any CPU
		{EEB54617-EF47-4AC7-BF0D-30134462AD03}.Release|Any CPU.Build.0 = Release|Any CPU
	EndGlobalSection
	GlobalSection(SolutionProperties) = preSolution
		HideSolutionNode = FALSE
	EndGlobalSection
	GlobalSection(ExtensibilityGlobals) = postSolution
		SolutionGuid = {72697CAF-F27B-43CE-92FA-3F12F9F3B530}
	EndGlobalSection
EndGlobal
